
Microsoft Visual Studio Solution File, Format Version 12.00
# Visual Studio Version 16
VisualStudioVersion = 16.0.31911.196
MinimumVisualStudioVersion = 10.0.40219.1
Project("{8BC9CEB8-8B4A-11D0-8D11-00A0C91BC942}") = "Question1", "Question1\Question1.vcxproj", "{3AD37992-D5F4-47DD-B870-8AD3FC965299}"
EndProject
Project("{8BC9CEB8-8B4A-11D0-8D11-00A0C91BC942}") = "Question2", "Question2\Question2.vcxproj", "{9768233D-8978-46E7-8B91-376B58B38406}"
EndProject
Project("{8BC9CEB8-8B4A-11D0-8D11-00A0C91BC942}") = "Question3", "Question3\Question3.vcxproj", "{4F0DB5A6-0EE0-4B99-803C-89155C7F7A56}"
EndProject
Project("{8BC9CEB8-8B4A-11D0-8D11-00A0C91BC942}") = "Question4", "Question4\Question4.vcxproj", "{E578ADE9-0F93-4C7E-8978-9216AA3BBC44}"
EndProject
Project("{8BC9CEB8-8B4A-11D0-8D11-00A0C91BC942}") = "Question5", "Question5\Question5.vcxproj", "{BDCB4C13-3F32-422B-A5B4-3FE390354088}"
EndProject
Project("{8BC9CEB8-8B4A-11D0-8D11-00A0C91BC942}") = "Question6", "Question6\Question6.vcxproj", "{32BA45C8-4149-49E1-8C3D-571C81C40F6A}"
EndProject
Global
	GlobalSection(SolutionConfigurationPlatforms) = preSolution
		Debug|x64 = Debug|x64
		Debug|x86 = Debug|x86
		Release|x64 = Release|x64
		Release|x86 = Release|x86
	EndGlobalSection
	GlobalSection(ProjectConfigurationPlatforms) = postSolution
		{3AD37992-D5F4-47DD-B870-8AD3FC965299}.Debug|x64.ActiveCfg = Debug|x64
		{3AD37992-D5F4-47DD-B870-8AD3FC965299}.Debug|x64.Build.0 = Debug|x64
		{3AD37992-D5F4-47DD-B870-8AD3FC965299}.Debug|x86.ActiveCfg = Debug|Win32
		{3AD37992-D5F4-47DD-B870-8AD3FC965299}.Debug|x86.Build.0 = Debug|Win32
		{3AD37992-D5F4-47DD-B870-8AD3FC965299}.Release|x64.ActiveCfg = Release|x64
		{3AD37992-D5F4-47DD-B870-8AD3FC965299}.Release|x64.Build.0 = Release|x64
		{3AD37992-D5F4-47DD-B870-8AD3FC965299}.Release|x86.ActiveCfg = Release|Win32
		{3AD37992-D5F4-47DD-B870-8AD3FC965299}.Release|x86.Build.0 = Release|Win32
		{9768233D-8978-46E7-8B91-376B58B38406}.Debug|x64.ActiveCfg = Debug|x64
		{9768233D-8978-46E7-8B91-376B58B38406}.Debug|x64.Build.0 = Debug|x64
		{9768233D-8978-46E7-8B91-376B58B38406}.Debug|x86.ActiveCfg = Debug|Win32
		{9768233D-8978-46E7-8B91-376B58B38406}.Debug|x86.Build.0 = Debug|Win32
		{9768233D-8978-46E7-8B91-376B58B38406}.Release|x64.ActiveCfg = Release|x64
		{9768233D-8978-46E7-8B91-376B58B38406}.Release|x64.Build.0 = Release|x64
		{9768233D-8978-46E7-8B91-376B58B38406}.Release|x86.ActiveCfg = Release|Win32
		{9768233D-8978-46E7-8B91-376B58B38406}.Release|x86.Build.0 = Release|Win32
		{4F0DB5A6-0EE0-4B99-803C-89155C7F7A56}.Debug|x64.ActiveCfg = Debug|x64
		{4F0DB5A6-0EE0-4B99-803C-89155C7F7A56}.Debug|x64.Build.0 = Debug|x64
		{4F0DB5A6-0EE0-4B99-803C-89155C7F7A56}.Debug|x86.ActiveCfg = Debug|Win32
		{4F0DB5A6-0EE0-4B99-803C-89155C7F7A56}.Debug|x86.Build.0 = Debug|Win32
		{4F0DB5A6-0EE0-4B99-803C-89155C7F7A56}.Release|x64.ActiveCfg = Release|x64
		{4F0DB5A6-0EE0-4B99-803C-89155C7F7A56}.Release|x64.Build.0 = Release|x64
		{4F0DB5A6-0EE0-4B99-803C-89155C7F7A56}.Release|x86.ActiveCfg = Release|Win32
		{4F0DB5A6-0EE0-4B99-803C-89155C7F7A56}.Release|x86.Build.0 = Release|Win32
		{E578ADE9-0F93-4C7E-8978-9216AA3BBC44}.Debug|x64.ActiveCfg = Debug|x64
		{E578ADE9-0F93-4C7E-8978-9216AA3BBC44}.Debug|x64.Build.0 = Debug|x64
		{E578ADE9-0F93-4C7E-8978-9216AA3BBC44}.Debug|x86.ActiveCfg = Debug|Win32
		{E578ADE9-0F93-4C7E-8978-9216AA3BBC44}.Debug|x86.Build.0 = Debug|Win32
		{E578ADE9-0F93-4C7E-8978-9216AA3BBC44}.Release|x64.ActiveCfg = Release|x64
		{E578ADE9-0F93-4C7E-8978-9216AA3BBC44}.Release|x64.Build.0 = Release|x64
		{E578ADE9-0F93-4C7E-8978-9216AA3BBC44}.Release|x86.ActiveCfg = Release|Win32
		{E578ADE9-0F93-4C7E-8978-9216AA3BBC44}.Release|x86.Build.0 = Release|Win32
		{BDCB4C13-3F32-422B-A5B4-3FE390354088}.Debug|x64.ActiveCfg = Debug|x64
		{BDCB4C13-3F32-422B-A5B4-3FE390354088}.Debug|x64.Build.0 = Debug|x64
		{BDCB4C13-3F32-422B-A5B4-3FE390354088}.Debug|x86.ActiveCfg = Debug|Win32
		{BDCB4C13-3F32-422B-A5B4-3FE390354088}.Debug|x86.Build.0 = Debug|Win32
		{BDCB4C13-3F32-422B-A5B4-3FE390354088}.Release|x64.ActiveCfg = Release|x64
		{BDCB4C13-3F32-422B-A5B4-3FE390354088}.Release|x64.Build.0 = Release|x64
		{BDCB4C13-3F32-422B-A5B4-3FE390354088}.Release|x86.ActiveCfg = Release|Win32
		{BDCB4C13-3F32-422B-A5B4-3FE390354088}.Release|x86.Build.0 = Release|Win32
		{32BA45C8-4149-49E1-8C3D-571C81C40F6A}.Debug|x64.ActiveCfg = Debug|x64
		{32BA45C8-4149-49E1-8C3D-571C81C40F6A}.Debug|x64.Build.0 = Debug|x64
		{32BA45C8-4149-49E1-8C3D-571C81C40F6A}.Debug|x86.ActiveCfg = Debug|Win32
		{32BA45C8-4149-49E1-8C3D-571C81C40F6A}.Debug|x86.Build.0 = Debug|Win32
		{32BA45C8-4149-49E1-8C3D-571C81C40F6A}.Release|x64.ActiveCfg = Release|x64
		{32BA45C8-4149-49E1-8C3D-571C81C40F6A}.Release|x64.Build.0 = Release|x64
		{32BA45C8-4149-49E1-8C3D-571C81C40F6A}.Release|x86.ActiveCfg = Release|Win32
		{32BA45C8-4149-49E1-8C3D-571C81C40F6A}.Release|x86.Build.0 = Release|Win32
	EndGlobalSection
	GlobalSection(SolutionProperties) = preSolution
		HideSolutionNode = FALSE
	EndGlobalSection
	GlobalSection(ExtensibilityGlobals) = postSolution
		SolutionGuid = {E15387C0-5C98-4704-8A99-41D38A472FF7}
	EndGlobalSection
EndGlobal
