
Microsoft Visual Studio Solution File, Format Version 12.00
# Visual Studio Version 16
VisualStudioVersion = 16.0.31911.196
MinimumVisualStudioVersion = 10.0.40219.1
Project("{8BC9CEB8-8B4A-11D0-8D11-00A0C91BC942}") = "Question1", "Question1\Question1.vcxproj", "{3AD37992-D5F4-47DD-B870-8AD3FC965299}"
EndProject
Project("{8BC9CEB8-8B4A-11D0-8D11-00A0C91BC942}") = "Question2", "Question2\Question2.vcxproj", "{9768233D-8978-46E7-8B91-376B58B38406}"
EndProject
Project("{8BC9CEB8-8B4A-11D0-8D11-00A0C91BC942}") = "Question3", "Question3\Question3.vcxproj", "{4F0DB5A6-0EE0-4B99-803C-89155C7F7A56}"
EndProject
Project("{8BC9CEB8-8B4A-11D0-8D11-00A0C91BC942}") = "Question4", "Question4\Question4.vcxproj", "{E578ADE9-0F93-4C7E-8978-9216AA3BBC44}"
EndProject
Project("{8BC9CEB8-8B4A-11D0-8D11-00A0C91BC942}") = "Question5", "Question5\Question5.vcxproj", "{BDCB4C13-3F32-422B-A5B4-3FE390354088}"
EndProject
Project("{8BC9CEB8-8B4A-11D0-8D11-00A0C91BC942}") = "Question6", "Question6\Question6.vcxproj", "{32BA45C8-4149-49E1-8C3D-571C81C40F6A}"
EndProject
Project("{8BC9CEB8-8B4A-11D0-8D11-00A0C91BC942}") = "Question7", "Question7\Question7.vcxproj", "{D53B422C-35C8-40F3-BDBE-AF70F0AA2601}"
EndProject
Project("{8BC9CEB8-8B4A-11D0-8D11-00A0C91BC942}") = "Question8", "Question8\Question8.vcxproj", "{25F8FB44-1F82-4127-A90B-DC6C7019380A}"
EndProject
Project("{8BC9CEB8-8B4A-11D0-8D11-00A0C91BC942}") = "Question9", "Question9\Question9.vcxproj", "{70FC7B54-B727-4DD9-973E-48F291AB0CBF}"
EndProject
Project("{8BC9CEB8-8B4A-11D0-8D11-00A0C91BC942}") = "Question10", "Question10\Question10.vcxproj", "{E524722B-C3DA-4CD4-AF17-4270E6B9EDEF}"
EndProject
Project("{8BC9CEB8-8B4A-11D0-8D11-00A0C91BC942}") = "Question11", "Question11\Question11.vcxproj", "{22A83748-B0B4-48FD-A285-A6DD2487015D}"
EndProject
Project("{8BC9CEB8-8B4A-11D0-8D11-00A0C91BC942}") = "Question12", "Question12\Question12.vcxproj", "{BC6D8B9E-231F-4235-96C6-2016C80EF973}"
EndProject
Project("{8BC9CEB8-8B4A-11D0-8D11-00A0C91BC942}") = "Question13", "Question13\Question13.vcxproj", "{457BE873-E611-4F63-A1E7-45E4264EEB68}"
EndProject
Project("{8BC9CEB8-8B4A-11D0-8D11-00A0C91BC942}") = "Question14", "Question14\Question14.vcxproj", "{08FB95BA-75B5-4096-A5A9-8C29B9870641}"
EndProject
Project("{8BC9CEB8-8B4A-11D0-8D11-00A0C91BC942}") = "Question15", "Question15\Question15.vcxproj", "{5004D60D-A7B6-4A46-B5D7-0B47C1838B8E}"
EndProject
Global
	GlobalSection(SolutionConfigurationPlatforms) = preSolution
		Debug|x64 = Debug|x64
		Debug|x86 = Debug|x86
		Release|x64 = Release|x64
		Release|x86 = Release|x86
	EndGlobalSection
	GlobalSection(ProjectConfigurationPlatforms) = postSolution
		{3AD37992-D5F4-47DD-B870-8AD3FC965299}.Debug|x64.ActiveCfg = Debug|x64
		{3AD37992-D5F4-47DD-B870-8AD3FC965299}.Debug|x64.Build.0 = Debug|x64
		{3AD37992-D5F4-47DD-B870-8AD3FC965299}.Debug|x86.ActiveCfg = Debug|Win32
		{3AD37992-D5F4-47DD-B870-8AD3FC965299}.Debug|x86.Build.0 = Debug|Win32
		{3AD37992-D5F4-47DD-B870-8AD3FC965299}.Release|x64.ActiveCfg = Release|x64
		{3AD37992-D5F4-47DD-B870-8AD3FC965299}.Release|x64.Build.0 = Release|x64
		{3AD37992-D5F4-47DD-B870-8AD3FC965299}.Release|x86.ActiveCfg = Release|Win32
		{3AD37992-D5F4-47DD-B870-8AD3FC965299}.Release|x86.Build.0 = Release|Win32
		{9768233D-8978-46E7-8B91-376B58B38406}.Debug|x64.ActiveCfg = Debug|x64
		{9768233D-8978-46E7-8B91-376B58B38406}.Debug|x64.Build.0 = Debug|x64
		{9768233D-8978-46E7-8B91-376B58B38406}.Debug|x86.ActiveCfg = Debug|Win32
		{9768233D-8978-46E7-8B91-376B58B38406}.Debug|x86.Build.0 = Debug|Win32
		{9768233D-8978-46E7-8B91-376B58B38406}.Release|x64.ActiveCfg = Release|x64
		{9768233D-8978-46E7-8B91-376B58B38406}.Release|x64.Build.0 = Release|x64
		{9768233D-8978-46E7-8B91-376B58B38406}.Release|x86.ActiveCfg = Release|Win32
		{9768233D-8978-46E7-8B91-376B58B38406}.Release|x86.Build.0 = Release|Win32
		{4F0DB5A6-0EE0-4B99-803C-89155C7F7A56}.Debug|x64.ActiveCfg = Debug|x64
		{4F0DB5A6-0EE0-4B99-803C-89155C7F7A56}.Debug|x64.Build.0 = Debug|x64
		{4F0DB5A6-0EE0-4B99-803C-89155C7F7A56}.Debug|x86.ActiveCfg = Debug|Win32
		{4F0DB5A6-0EE0-4B99-803C-89155C7F7A56}.Debug|x86.Build.0 = Debug|Win32
		{4F0DB5A6-0EE0-4B99-803C-89155C7F7A56}.Release|x64.ActiveCfg = Release|x64
		{4F0DB5A6-0EE0-4B99-803C-89155C7F7A56}.Release|x64.Build.0 = Release|x64
		{4F0DB5A6-0EE0-4B99-803C-89155C7F7A56}.Release|x86.ActiveCfg = Release|Win32
		{4F0DB5A6-0EE0-4B99-803C-89155C7F7A56}.Release|x86.Build.0 = Release|Win32
		{E578ADE9-0F93-4C7E-8978-9216AA3BBC44}.Debug|x64.ActiveCfg = Debug|x64
		{E578ADE9-0F93-4C7E-8978-9216AA3BBC44}.Debug|x64.Build.0 = Debug|x64
		{E578ADE9-0F93-4C7E-8978-9216AA3BBC44}.Debug|x86.ActiveCfg = Debug|Win32
		{E578ADE9-0F93-4C7E-8978-9216AA3BBC44}.Debug|x86.Build.0 = Debug|Win32
		{E578ADE9-0F93-4C7E-8978-9216AA3BBC44}.Release|x64.ActiveCfg = Release|x64
		{E578ADE9-0F93-4C7E-8978-9216AA3BBC44}.Release|x64.Build.0 = Release|x64
		{E578ADE9-0F93-4C7E-8978-9216AA3BBC44}.Release|x86.ActiveCfg = Release|Win32
		{E578ADE9-0F93-4C7E-8978-9216AA3BBC44}.Release|x86.Build.0 = Release|Win32
		{BDCB4C13-3F32-422B-A5B4-3FE390354088}.Debug|x64.ActiveCfg = Debug|x64
		{BDCB4C13-3F32-422B-A5B4-3FE390354088}.Debug|x64.Build.0 = Debug|x64
		{BDCB4C13-3F32-422B-A5B4-3FE390354088}.Debug|x86.ActiveCfg = Debug|Win32
		{BDCB4C13-3F32-422B-A5B4-3FE390354088}.Debug|x86.Build.0 = Debug|Win32
		{BDCB4C13-3F32-422B-A5B4-3FE390354088}.Release|x64.ActiveCfg = Release|x64
		{BDCB4C13-3F32-422B-A5B4-3FE390354088}.Release|x64.Build.0 = Release|x64
		{BDCB4C13-3F32-422B-A5B4-3FE390354088}.Release|x86.ActiveCfg = Release|Win32
		{BDCB4C13-3F32-422B-A5B4-3FE390354088}.Release|x86.Build.0 = Release|Win32
		{32BA45C8-4149-49E1-8C3D-571C81C40F6A}.Debug|x64.ActiveCfg = Debug|x64
		{32BA45C8-4149-49E1-8C3D-571C81C40F6A}.Debug|x64.Build.0 = Debug|x64
		{32BA45C8-4149-49E1-8C3D-571C81C40F6A}.Debug|x86.ActiveCfg = Debug|Win32
		{32BA45C8-4149-49E1-8C3D-571C81C40F6A}.Debug|x86.Build.0 = Debug|Win32
		{32BA45C8-4149-49E1-8C3D-571C81C40F6A}.Release|x64.ActiveCfg = Release|x64
		{32BA45C8-4149-49E1-8C3D-571C81C40F6A}.Release|x64.Build.0 = Release|x64
		{32BA45C8-4149-49E1-8C3D-571C81C40F6A}.Release|x86.ActiveCfg = Release|Win32
		{32BA45C8-4149-49E1-8C3D-571C81C40F6A}.Release|x86.Build.0 = Release|Win32
		{D53B422C-35C8-40F3-BDBE-AF70F0AA2601}.Debug|x64.ActiveCfg = Debug|x64
		{D53B422C-35C8-40F3-BDBE-AF70F0AA2601}.Debug|x64.Build.0 = Debug|x64
		{D53B422C-35C8-40F3-BDBE-AF70F0AA2601}.Debug|x86.ActiveCfg = Debug|Win32
		{D53B422C-35C8-40F3-BDBE-AF70F0AA2601}.Debug|x86.Build.0 = Debug|Win32
		{D53B422C-35C8-40F3-BDBE-AF70F0AA2601}.Release|x64.ActiveCfg = Release|x64
		{D53B422C-35C8-40F3-BDBE-AF70F0AA2601}.Release|x64.Build.0 = Release|x64
		{D53B422C-35C8-40F3-BDBE-AF70F0AA2601}.Release|x86.ActiveCfg = Release|Win32
		{D53B422C-35C8-40F3-BDBE-AF70F0AA2601}.Release|x86.Build.0 = Release|Win32
		{25F8FB44-1F82-4127-A90B-DC6C7019380A}.Debug|x64.ActiveCfg = Debug|x64
		{25F8FB44-1F82-4127-A90B-DC6C7019380A}.Debug|x64.Build.0 = Debug|x64
		{25F8FB44-1F82-4127-A90B-DC6C7019380A}.Debug|x86.ActiveCfg = Debug|Win32
		{25F8FB44-1F82-4127-A90B-DC6C7019380A}.Debug|x86.Build.0 = Debug|Win32
		{25F8FB44-1F82-4127-A90B-DC6C7019380A}.Release|x64.ActiveCfg = Release|x64
		{25F8FB44-1F82-4127-A90B-DC6C7019380A}.Release|x64.Build.0 = Release|x64
		{25F8FB44-1F82-4127-A90B-DC6C7019380A}.Release|x86.ActiveCfg = Release|Win32
		{25F8FB44-1F82-4127-A90B-DC6C7019380A}.Release|x86.Build.0 = Release|Win32
		{70FC7B54-B727-4DD9-973E-48F291AB0CBF}.Debug|x64.ActiveCfg = Debug|x64
		{70FC7B54-B727-4DD9-973E-48F291AB0CBF}.Debug|x64.Build.0 = Debug|x64
		{70FC7B54-B727-4DD9-973E-48F291AB0CBF}.Debug|x86.ActiveCfg = Debug|Win32
		{70FC7B54-B727-4DD9-973E-48F291AB0CBF}.Debug|x86.Build.0 = Debug|Win32
		{70FC7B54-B727-4DD9-973E-48F291AB0CBF}.Release|x64.ActiveCfg = Release|x64
		{70FC7B54-B727-4DD9-973E-48F291AB0CBF}.Release|x64.Build.0 = Release|x64
		{70FC7B54-B727-4DD9-973E-48F291AB0CBF}.Release|x86.ActiveCfg = Release|Win32
		{70FC7B54-B727-4DD9-973E-48F291AB0CBF}.Release|x86.Build.0 = Release|Win32
		{E524722B-C3DA-4CD4-AF17-4270E6B9EDEF}.Debug|x64.ActiveCfg = Debug|x64
		{E524722B-C3DA-4CD4-AF17-4270E6B9EDEF}.Debug|x64.Build.0 = Debug|x64
		{E524722B-C3DA-4CD4-AF17-4270E6B9EDEF}.Debug|x86.ActiveCfg = Debug|Win32
		{E524722B-C3DA-4CD4-AF17-4270E6B9EDEF}.Debug|x86.Build.0 = Debug|Win32
		{E524722B-C3DA-4CD4-AF17-4270E6B9EDEF}.Release|x64.ActiveCfg = Release|x64
		{E524722B-C3DA-4CD4-AF17-4270E6B9EDEF}.Release|x64.Build.0 = Release|x64
		{E524722B-C3DA-4CD4-AF17-4270E6B9EDEF}.Release|x86.ActiveCfg = Release|Win32
		{E524722B-C3DA-4CD4-AF17-4270E6B9EDEF}.Release|x86.Build.0 = Release|Win32
		{22A83748-B0B4-48FD-A285-A6DD2487015D}.Debug|x64.ActiveCfg = Debug|x64
		{22A83748-B0B4-48FD-A285-A6DD2487015D}.Debug|x64.Build.0 = Debug|x64
		{22A83748-B0B4-48FD-A285-A6DD2487015D}.Debug|x86.ActiveCfg = Debug|Win32
		{22A83748-B0B4-48FD-A285-A6DD2487015D}.Debug|x86.Build.0 = Debug|Win32
		{22A83748-B0B4-48FD-A285-A6DD2487015D}.Release|x64.ActiveCfg = Release|x64
		{22A83748-B0B4-48FD-A285-A6DD2487015D}.Release|x64.Build.0 = Release|x64
		{22A83748-B0B4-48FD-A285-A6DD2487015D}.Release|x86.ActiveCfg = Release|Win32
		{22A83748-B0B4-48FD-A285-A6DD2487015D}.Release|x86.Build.0 = Release|Win32
		{BC6D8B9E-231F-4235-96C6-2016C80EF973}.Debug|x64.ActiveCfg = Debug|x64
		{BC6D8B9E-231F-4235-96C6-2016C80EF973}.Debug|x64.Build.0 = Debug|x64
		{BC6D8B9E-231F-4235-96C6-2016C80EF973}.Debug|x86.ActiveCfg = Debug|Win32
		{BC6D8B9E-231F-4235-96C6-2016C80EF973}.Debug|x86.Build.0 = Debug|Win32
		{BC6D8B9E-231F-4235-96C6-2016C80EF973}.Release|x64.ActiveCfg = Release|x64
		{BC6D8B9E-231F-4235-96C6-2016C80EF973}.Release|x64.Build.0 = Release|x64
		{BC6D8B9E-231F-4235-96C6-2016C80EF973}.Release|x86.ActiveCfg = Release|Win32
		{BC6D8B9E-231F-4235-96C6-2016C80EF973}.Release|x86.Build.0 = Release|Win32
		{457BE873-E611-4F63-A1E7-45E4264EEB68}.Debug|x64.ActiveCfg = Debug|x64
		{457BE873-E611-4F63-A1E7-45E4264EEB68}.Debug|x64.Build.0 = Debug|x64
		{457BE873-E611-4F63-A1E7-45E4264EEB68}.Debug|x86.ActiveCfg = Debug|Win32
		{457BE873-E611-4F63-A1E7-45E4264EEB68}.Debug|x86.Build.0 = Debug|Win32
		{457BE873-E611-4F63-A1E7-45E4264EEB68}.Release|x64.ActiveCfg = Release|x64
		{457BE873-E611-4F63-A1E7-45E4264EEB68}.Release|x64.Build.0 = Release|x64
		{457BE873-E611-4F63-A1E7-45E4264EEB68}.Release|x86.ActiveCfg = Release|Win32
		{457BE873-E611-4F63-A1E7-45E4264EEB68}.Release|x86.Build.0 = Release|Win32
		{08FB95BA-75B5-4096-A5A9-8C29B9870641}.Debug|x64.ActiveCfg = Debug|x64
		{08FB95BA-75B5-4096-A5A9-8C29B9870641}.Debug|x64.Build.0 = Debug|x64
		{08FB95BA-75B5-4096-A5A9-8C29B9870641}.Debug|x86.ActiveCfg = Debug|Win32
		{08FB95BA-75B5-4096-A5A9-8C29B9870641}.Debug|x86.Build.0 = Debug|Win32
		{08FB95BA-75B5-4096-A5A9-8C29B9870641}.Release|x64.ActiveCfg = Release|x64
		{08FB95BA-75B5-4096-A5A9-8C29B9870641}.Release|x64.Build.0 = Release|x64
		{08FB95BA-75B5-4096-A5A9-8C29B9870641}.Release|x86.ActiveCfg = Release|Win32
		{08FB95BA-75B5-4096-A5A9-8C29B9870641}.Release|x86.Build.0 = Release|Win32
		{5004D60D-A7B6-4A46-B5D7-0B47C1838B8E}.Debug|x64.ActiveCfg = Debug|x64
		{5004D60D-A7B6-4A46-B5D7-0B47C1838B8E}.Debug|x64.Build.0 = Debug|x64
		{5004D60D-A7B6-4A46-B5D7-0B47C1838B8E}.Debug|x86.ActiveCfg = Debug|Win32
		{5004D60D-A7B6-4A46-B5D7-0B47C1838B8E}.Debug|x86.Build.0 = Debug|Win32
		{5004D60D-A7B6-4A46-B5D7-0B47C1838B8E}.Release|x64.ActiveCfg = Release|x64
		{5004D60D-A7B6-4A46-B5D7-0B47C1838B8E}.Release|x64.Build.0 = Release|x64
		{5004D60D-A7B6-4A46-B5D7-0B47C1838B8E}.Release|x86.ActiveCfg = Release|Win32
		{5004D60D-A7B6-4A46-B5D7-0B47C1838B8E}.Release|x86.Build.0 = Release|Win32
	EndGlobalSection
	GlobalSection(SolutionProperties) = preSolution
		HideSolutionNode = FALSE
	EndGlobalSection
	GlobalSection(ExtensibilityGlobals) = postSolution
		SolutionGuid = {E15387C0-5C98-4704-8A99-41D38A472FF7}
	EndGlobalSection
EndGlobal
