
Microsoft Visual Studio Solution File, Format Version 12.00
# Visual Studio Version 16
VisualStudioVersion = 16.0.31911.196
MinimumVisualStudioVersion = 10.0.40219.1
Project("{8BC9CEB8-8B4A-11D0-8D11-00A0C91BC942}") = "Question1", "Question1\Question1.vcxproj", "{3AD37992-D5F4-47DD-B870-8AD3FC965299}"
EndProject
Project("{8BC9CEB8-8B4A-11D0-8D11-00A0C91BC942}") = "Question2", "Question2\Question2.vcxproj", "{9768233D-8978-46E7-8B91-376B58B38406}"
EndProject
Project("{8BC9CEB8-8B4A-11D0-8D11-00A0C91BC942}") = "Question3", "Question3\Question3.vcxproj", "{4F0DB5A6-0EE0-4B99-803C-89155C7F7A56}"
EndProject
Project("{8BC9CEB8-8B4A-11D0-8D11-00A0C91BC942}") = "Question4", "Question4\Question4.vcxproj", "{E578ADE9-0F93-4C7E-8978-9216AA3BBC44}"
EndProject
Project("{8BC9CEB8-8B4A-11D0-8D11-00A0C91BC942}") = "Question5", "Question5\Question5.vcxproj", "{BDCB4C13-3F32-422B-A5B4-3FE390354088}"
EndProject
Project("{8BC9CEB8-8B4A-11D0-8D11-00A0C91BC942}") = "Question6", "Question6\Question6.vcxproj", "{32BA45C8-4149-49E1-8C3D-571C81C40F6A}"
EndProject
Project("{8BC9CEB8-8B4A-11D0-8D11-00A0C91BC942}") = "Question7", "Question7\Question7.vcxproj", "{D53B422C-35C8-40F3-BDBE-AF70F0AA2601}"
EndProject
Project("{8BC9CEB8-8B4A-11D0-8D11-00A0C91BC942}") = "Question8", "Question8\Question8.vcxproj", "{25F8FB44-1F82-4127-A90B-DC6C7019380A}"
EndProject
Project("{8BC9CEB8-8B4A-11D0-8D11-00A0C91BC942}") = "Question9", "Question9\Question9.vcxproj", "{70FC7B54-B727-4DD9-973E-48F291AB0CBF}"
EndProject
Project("{8BC9CEB8-8B4A-11D0-8D11-00A0C91BC942}") = "Question10", "Question10\Question10.vcxproj", "{E524722B-C3DA-4CD4-AF17-4270E6B9EDEF}"
EndProject
Project("{8BC9CEB8-8B4A-11D0-8D11-00A0C91BC942}") = "Question11", "Question11\Question11.vcxproj", "{22A83748-B0B4-48FD-A285-A6DD2487015D}"
EndProject
Project("{8BC9CEB8-8B4A-11D0-8D11-00A0C91BC942}") = "Question12", "Question12\Question12.vcxproj", "{BC6D8B9E-231F-4235-96C6-2016C80EF973}"
EndProject
Project("{8BC9CEB8-8B4A-11D0-8D11-00A0C91BC942}") = "Question13", "Question13\Question13.vcxproj", "{457BE873-E611-4F63-A1E7-45E4264EEB68}"
EndProject
Project("{8BC9CEB8-8B4A-11D0-8D11-00A0C91BC942}") = "Question14", "Question14\Question14.vcxproj", "{08FB95BA-75B5-4096-A5A9-8C29B9870641}"
EndProject
Project("{8BC9CEB8-8B4A-11D0-8D11-00A0C91BC942}") = "Question15", "Question15\Question15.vcxproj", "{5004D60D-A7B6-4A46-B5D7-0B47C1838B8E}"
EndProject
Project("{8BC9CEB8-8B4A-11D0-8D11-00A0C91BC942}") = "Question16", "Question16\Question16.vcxproj", "{C4D33295-31AD-4FDB-8B06-290D9940F6EC}"
EndProject
Project("{8BC9CEB8-8B4A-11D0-8D11-00A0C91BC942}") = "Question17", "Question17\Question17.vcxproj", "{136657A5-F39B-4D0A-A4A1-CC73F260CEAD}"
EndProject
Project("{8BC9CEB8-8B4A-11D0-8D11-00A0C91BC942}") = "Question18", "Question18\Question18.vcxproj", "{812E65BB-25A7-4F44-8CA9-28FBCEE9812E}"
EndProject
Project("{8BC9CEB8-8B4A-11D0-8D11-00A0C91BC942}") = "Question19", "Question19\Question19.vcxproj", "{D697D00A-D457-4CF1-9A73-120F7FA6A52A}"
EndProject
Project("{8BC9CEB8-8B4A-11D0-8D11-00A0C91BC942}") = "Question20", "Question20\Question20.vcxproj", "{C16B56E7-79E7-42CE-8489-565F682CD423}"
EndProject
Project("{8BC9CEB8-8B4A-11D0-8D11-00A0C91BC942}") = "Question21", "Question21\Question21.vcxproj", "{7523A0BD-6527-4FB2-A080-E09F1EA63D1E}"
EndProject
Project("{8BC9CEB8-8B4A-11D0-8D11-00A0C91BC942}") = "Question22", "Question22\Question22.vcxproj", "{D99DD7EC-9B62-4107-A852-0EC75CE621D0}"
EndProject
Project("{8BC9CEB8-8B4A-11D0-8D11-00A0C91BC942}") = "Question23", "Question23\Question23.vcxproj", "{D26D359C-7985-4BAC-9874-0D8ED65A1502}"
EndProject
Project("{8BC9CEB8-8B4A-11D0-8D11-00A0C91BC942}") = "Question24", "Question24\Question24.vcxproj", "{D54FAEFC-C584-42EF-99F2-898B66E373F9}"
EndProject
Project("{8BC9CEB8-8B4A-11D0-8D11-00A0C91BC942}") = "Question25", "Question25\Question25.vcxproj", "{56630072-9C00-42A3-85E9-5FE8C6E05196}"
EndProject
Project("{8BC9CEB8-8B4A-11D0-8D11-00A0C91BC942}") = "Question26", "Question26\Question26.vcxproj", "{9EC641DD-6511-4455-B663-CC0B183FA5EA}"
EndProject
Project("{8BC9CEB8-8B4A-11D0-8D11-00A0C91BC942}") = "Question27", "Question27\Question27.vcxproj", "{8B7E139A-D183-481D-B1B4-6BD1B320DDD6}"
EndProject
Project("{8BC9CEB8-8B4A-11D0-8D11-00A0C91BC942}") = "Question28", "Question28\Question28.vcxproj", "{80E82851-1EA8-4362-B8B0-8CA73B8BE302}"
EndProject
Project("{8BC9CEB8-8B4A-11D0-8D11-00A0C91BC942}") = "Question29", "Question29\Question29.vcxproj", "{A862DE1C-CC48-4DB8-99D8-D4984EE4D20E}"
EndProject
Global
	GlobalSection(SolutionConfigurationPlatforms) = preSolution
		Debug|x64 = Debug|x64
		Debug|x86 = Debug|x86
		Release|x64 = Release|x64
		Release|x86 = Release|x86
	EndGlobalSection
	GlobalSection(ProjectConfigurationPlatforms) = postSolution
		{3AD37992-D5F4-47DD-B870-8AD3FC965299}.Debug|x64.ActiveCfg = Debug|x64
		{3AD37992-D5F4-47DD-B870-8AD3FC965299}.Debug|x64.Build.0 = Debug|x64
		{3AD37992-D5F4-47DD-B870-8AD3FC965299}.Debug|x86.ActiveCfg = Debug|Win32
		{3AD37992-D5F4-47DD-B870-8AD3FC965299}.Debug|x86.Build.0 = Debug|Win32
		{3AD37992-D5F4-47DD-B870-8AD3FC965299}.Release|x64.ActiveCfg = Release|x64
		{3AD37992-D5F4-47DD-B870-8AD3FC965299}.Release|x64.Build.0 = Release|x64
		{3AD37992-D5F4-47DD-B870-8AD3FC965299}.Release|x86.ActiveCfg = Release|Win32
		{3AD37992-D5F4-47DD-B870-8AD3FC965299}.Release|x86.Build.0 = Release|Win32
		{9768233D-8978-46E7-8B91-376B58B38406}.Debug|x64.ActiveCfg = Debug|x64
		{9768233D-8978-46E7-8B91-376B58B38406}.Debug|x64.Build.0 = Debug|x64
		{9768233D-8978-46E7-8B91-376B58B38406}.Debug|x86.ActiveCfg = Debug|Win32
		{9768233D-8978-46E7-8B91-376B58B38406}.Debug|x86.Build.0 = Debug|Win32
		{9768233D-8978-46E7-8B91-376B58B38406}.Release|x64.ActiveCfg = Release|x64
		{9768233D-8978-46E7-8B91-376B58B38406}.Release|x64.Build.0 = Release|x64
		{9768233D-8978-46E7-8B91-376B58B38406}.Release|x86.ActiveCfg = Release|Win32
		{9768233D-8978-46E7-8B91-376B58B38406}.Release|x86.Build.0 = Release|Win32
		{4F0DB5A6-0EE0-4B99-803C-89155C7F7A56}.Debug|x64.ActiveCfg = Debug|x64
		{4F0DB5A6-0EE0-4B99-803C-89155C7F7A56}.Debug|x64.Build.0 = Debug|x64
		{4F0DB5A6-0EE0-4B99-803C-89155C7F7A56}.Debug|x86.ActiveCfg = Debug|Win32
		{4F0DB5A6-0EE0-4B99-803C-89155C7F7A56}.Debug|x86.Build.0 = Debug|Win32
		{4F0DB5A6-0EE0-4B99-803C-89155C7F7A56}.Release|x64.ActiveCfg = Release|x64
		{4F0DB5A6-0EE0-4B99-803C-89155C7F7A56}.Release|x64.Build.0 = Release|x64
		{4F0DB5A6-0EE0-4B99-803C-89155C7F7A56}.Release|x86.ActiveCfg = Release|Win32
		{4F0DB5A6-0EE0-4B99-803C-89155C7F7A56}.Release|x86.Build.0 = Release|Win32
		{E578ADE9-0F93-4C7E-8978-9216AA3BBC44}.Debug|x64.ActiveCfg = Debug|x64
		{E578ADE9-0F93-4C7E-8978-9216AA3BBC44}.Debug|x64.Build.0 = Debug|x64
		{E578ADE9-0F93-4C7E-8978-9216AA3BBC44}.Debug|x86.ActiveCfg = Debug|Win32
		{E578ADE9-0F93-4C7E-8978-9216AA3BBC44}.Debug|x86.Build.0 = Debug|Win32
		{E578ADE9-0F93-4C7E-8978-9216AA3BBC44}.Release|x64.ActiveCfg = Release|x64
		{E578ADE9-0F93-4C7E-8978-9216AA3BBC44}.Release|x64.Build.0 = Release|x64
		{E578ADE9-0F93-4C7E-8978-9216AA3BBC44}.Release|x86.ActiveCfg = Release|Win32
		{E578ADE9-0F93-4C7E-8978-9216AA3BBC44}.Release|x86.Build.0 = Release|Win32
		{BDCB4C13-3F32-422B-A5B4-3FE390354088}.Debug|x64.ActiveCfg = Debug|x64
		{BDCB4C13-3F32-422B-A5B4-3FE390354088}.Debug|x64.Build.0 = Debug|x64
		{BDCB4C13-3F32-422B-A5B4-3FE390354088}.Debug|x86.ActiveCfg = Debug|Win32
		{BDCB4C13-3F32-422B-A5B4-3FE390354088}.Debug|x86.Build.0 = Debug|Win32
		{BDCB4C13-3F32-422B-A5B4-3FE390354088}.Release|x64.ActiveCfg = Release|x64
		{BDCB4C13-3F32-422B-A5B4-3FE390354088}.Release|x64.Build.0 = Release|x64
		{BDCB4C13-3F32-422B-A5B4-3FE390354088}.Release|x86.ActiveCfg = Release|Win32
		{BDCB4C13-3F32-422B-A5B4-3FE390354088}.Release|x86.Build.0 = Release|Win32
		{32BA45C8-4149-49E1-8C3D-571C81C40F6A}.Debug|x64.ActiveCfg = Debug|x64
		{32BA45C8-4149-49E1-8C3D-571C81C40F6A}.Debug|x64.Build.0 = Debug|x64
		{32BA45C8-4149-49E1-8C3D-571C81C40F6A}.Debug|x86.ActiveCfg = Debug|Win32
		{32BA45C8-4149-49E1-8C3D-571C81C40F6A}.Debug|x86.Build.0 = Debug|Win32
		{32BA45C8-4149-49E1-8C3D-571C81C40F6A}.Release|x64.ActiveCfg = Release|x64
		{32BA45C8-4149-49E1-8C3D-571C81C40F6A}.Release|x64.Build.0 = Release|x64
		{32BA45C8-4149-49E1-8C3D-571C81C40F6A}.Release|x86.ActiveCfg = Release|Win32
		{32BA45C8-4149-49E1-8C3D-571C81C40F6A}.Release|x86.Build.0 = Release|Win32
		{D53B422C-35C8-40F3-BDBE-AF70F0AA2601}.Debug|x64.ActiveCfg = Debug|x64
		{D53B422C-35C8-40F3-BDBE-AF70F0AA2601}.Debug|x64.Build.0 = Debug|x64
		{D53B422C-35C8-40F3-BDBE-AF70F0AA2601}.Debug|x86.ActiveCfg = Debug|Win32
		{D53B422C-35C8-40F3-BDBE-AF70F0AA2601}.Debug|x86.Build.0 = Debug|Win32
		{D53B422C-35C8-40F3-BDBE-AF70F0AA2601}.Release|x64.ActiveCfg = Release|x64
		{D53B422C-35C8-40F3-BDBE-AF70F0AA2601}.Release|x64.Build.0 = Release|x64
		{D53B422C-35C8-40F3-BDBE-AF70F0AA2601}.Release|x86.ActiveCfg = Release|Win32
		{D53B422C-35C8-40F3-BDBE-AF70F0AA2601}.Release|x86.Build.0 = Release|Win32
		{25F8FB44-1F82-4127-A90B-DC6C7019380A}.Debug|x64.ActiveCfg = Debug|x64
		{25F8FB44-1F82-4127-A90B-DC6C7019380A}.Debug|x64.Build.0 = Debug|x64
		{25F8FB44-1F82-4127-A90B-DC6C7019380A}.Debug|x86.ActiveCfg = Debug|Win32
		{25F8FB44-1F82-4127-A90B-DC6C7019380A}.Debug|x86.Build.0 = Debug|Win32
		{25F8FB44-1F82-4127-A90B-DC6C7019380A}.Release|x64.ActiveCfg = Release|x64
		{25F8FB44-1F82-4127-A90B-DC6C7019380A}.Release|x64.Build.0 = Release|x64
		{25F8FB44-1F82-4127-A90B-DC6C7019380A}.Release|x86.ActiveCfg = Release|Win32
		{25F8FB44-1F82-4127-A90B-DC6C7019380A}.Release|x86.Build.0 = Release|Win32
		{70FC7B54-B727-4DD9-973E-48F291AB0CBF}.Debug|x64.ActiveCfg = Debug|x64
		{70FC7B54-B727-4DD9-973E-48F291AB0CBF}.Debug|x64.Build.0 = Debug|x64
		{70FC7B54-B727-4DD9-973E-48F291AB0CBF}.Debug|x86.ActiveCfg = Debug|Win32
		{70FC7B54-B727-4DD9-973E-48F291AB0CBF}.Debug|x86.Build.0 = Debug|Win32
		{70FC7B54-B727-4DD9-973E-48F291AB0CBF}.Release|x64.ActiveCfg = Release|x64
		{70FC7B54-B727-4DD9-973E-48F291AB0CBF}.Release|x64.Build.0 = Release|x64
		{70FC7B54-B727-4DD9-973E-48F291AB0CBF}.Release|x86.ActiveCfg = Release|Win32
		{70FC7B54-B727-4DD9-973E-48F291AB0CBF}.Release|x86.Build.0 = Release|Win32
		{E524722B-C3DA-4CD4-AF17-4270E6B9EDEF}.Debug|x64.ActiveCfg = Debug|x64
		{E524722B-C3DA-4CD4-AF17-4270E6B9EDEF}.Debug|x64.Build.0 = Debug|x64
		{E524722B-C3DA-4CD4-AF17-4270E6B9EDEF}.Debug|x86.ActiveCfg = Debug|Win32
		{E524722B-C3DA-4CD4-AF17-4270E6B9EDEF}.Debug|x86.Build.0 = Debug|Win32
		{E524722B-C3DA-4CD4-AF17-4270E6B9EDEF}.Release|x64.ActiveCfg = Release|x64
		{E524722B-C3DA-4CD4-AF17-4270E6B9EDEF}.Release|x64.Build.0 = Release|x64
		{E524722B-C3DA-4CD4-AF17-4270E6B9EDEF}.Release|x86.ActiveCfg = Release|Win32
		{E524722B-C3DA-4CD4-AF17-4270E6B9EDEF}.Release|x86.Build.0 = Release|Win32
		{22A83748-B0B4-48FD-A285-A6DD2487015D}.Debug|x64.ActiveCfg = Debug|x64
		{22A83748-B0B4-48FD-A285-A6DD2487015D}.Debug|x64.Build.0 = Debug|x64
		{22A83748-B0B4-48FD-A285-A6DD2487015D}.Debug|x86.ActiveCfg = Debug|Win32
		{22A83748-B0B4-48FD-A285-A6DD2487015D}.Debug|x86.Build.0 = Debug|Win32
		{22A83748-B0B4-48FD-A285-A6DD2487015D}.Release|x64.ActiveCfg = Release|x64
		{22A83748-B0B4-48FD-A285-A6DD2487015D}.Release|x64.Build.0 = Release|x64
		{22A83748-B0B4-48FD-A285-A6DD2487015D}.Release|x86.ActiveCfg = Release|Win32
		{22A83748-B0B4-48FD-A285-A6DD2487015D}.Release|x86.Build.0 = Release|Win32
		{BC6D8B9E-231F-4235-96C6-2016C80EF973}.Debug|x64.ActiveCfg = Debug|x64
		{BC6D8B9E-231F-4235-96C6-2016C80EF973}.Debug|x64.Build.0 = Debug|x64
		{BC6D8B9E-231F-4235-96C6-2016C80EF973}.Debug|x86.ActiveCfg = Debug|Win32
		{BC6D8B9E-231F-4235-96C6-2016C80EF973}.Debug|x86.Build.0 = Debug|Win32
		{BC6D8B9E-231F-4235-96C6-2016C80EF973}.Release|x64.ActiveCfg = Release|x64
		{BC6D8B9E-231F-4235-96C6-2016C80EF973}.Release|x64.Build.0 = Release|x64
		{BC6D8B9E-231F-4235-96C6-2016C80EF973}.Release|x86.ActiveCfg = Release|Win32
		{BC6D8B9E-231F-4235-96C6-2016C80EF973}.Release|x86.Build.0 = Release|Win32
		{457BE873-E611-4F63-A1E7-45E4264EEB68}.Debug|x64.ActiveCfg = Debug|x64
		{457BE873-E611-4F63-A1E7-45E4264EEB68}.Debug|x64.Build.0 = Debug|x64
		{457BE873-E611-4F63-A1E7-45E4264EEB68}.Debug|x86.ActiveCfg = Debug|Win32
		{457BE873-E611-4F63-A1E7-45E4264EEB68}.Debug|x86.Build.0 = Debug|Win32
		{457BE873-E611-4F63-A1E7-45E4264EEB68}.Release|x64.ActiveCfg = Release|x64
		{457BE873-E611-4F63-A1E7-45E4264EEB68}.Release|x64.Build.0 = Release|x64
		{457BE873-E611-4F63-A1E7-45E4264EEB68}.Release|x86.ActiveCfg = Release|Win32
		{457BE873-E611-4F63-A1E7-45E4264EEB68}.Release|x86.Build.0 = Release|Win32
		{08FB95BA-75B5-4096-A5A9-8C29B9870641}.Debug|x64.ActiveCfg = Debug|x64
		{08FB95BA-75B5-4096-A5A9-8C29B9870641}.Debug|x64.Build.0 = Debug|x64
		{08FB95BA-75B5-4096-A5A9-8C29B9870641}.Debug|x86.ActiveCfg = Debug|Win32
		{08FB95BA-75B5-4096-A5A9-8C29B9870641}.Debug|x86.Build.0 = Debug|Win32
		{08FB95BA-75B5-4096-A5A9-8C29B9870641}.Release|x64.ActiveCfg = Release|x64
		{08FB95BA-75B5-4096-A5A9-8C29B9870641}.Release|x64.Build.0 = Release|x64
		{08FB95BA-75B5-4096-A5A9-8C29B9870641}.Release|x86.ActiveCfg = Release|Win32
		{08FB95BA-75B5-4096-A5A9-8C29B9870641}.Release|x86.Build.0 = Release|Win32
		{5004D60D-A7B6-4A46-B5D7-0B47C1838B8E}.Debug|x64.ActiveCfg = Debug|x64
		{5004D60D-A7B6-4A46-B5D7-0B47C1838B8E}.Debug|x64.Build.0 = Debug|x64
		{5004D60D-A7B6-4A46-B5D7-0B47C1838B8E}.Debug|x86.ActiveCfg = Debug|Win32
		{5004D60D-A7B6-4A46-B5D7-0B47C1838B8E}.Debug|x86.Build.0 = Debug|Win32
		{5004D60D-A7B6-4A46-B5D7-0B47C1838B8E}.Release|x64.ActiveCfg = Release|x64
		{5004D60D-A7B6-4A46-B5D7-0B47C1838B8E}.Release|x64.Build.0 = Release|x64
		{5004D60D-A7B6-4A46-B5D7-0B47C1838B8E}.Release|x86.ActiveCfg = Release|Win32
		{5004D60D-A7B6-4A46-B5D7-0B47C1838B8E}.Release|x86.Build.0 = Release|Win32
		{C4D33295-31AD-4FDB-8B06-290D9940F6EC}.Debug|x64.ActiveCfg = Debug|x64
		{C4D33295-31AD-4FDB-8B06-290D9940F6EC}.Debug|x64.Build.0 = Debug|x64
		{C4D33295-31AD-4FDB-8B06-290D9940F6EC}.Debug|x86.ActiveCfg = Debug|Win32
		{C4D33295-31AD-4FDB-8B06-290D9940F6EC}.Debug|x86.Build.0 = Debug|Win32
		{C4D33295-31AD-4FDB-8B06-290D9940F6EC}.Release|x64.ActiveCfg = Release|x64
		{C4D33295-31AD-4FDB-8B06-290D9940F6EC}.Release|x64.Build.0 = Release|x64
		{C4D33295-31AD-4FDB-8B06-290D9940F6EC}.Release|x86.ActiveCfg = Release|Win32
		{C4D33295-31AD-4FDB-8B06-290D9940F6EC}.Release|x86.Build.0 = Release|Win32
		{136657A5-F39B-4D0A-A4A1-CC73F260CEAD}.Debug|x64.ActiveCfg = Debug|x64
		{136657A5-F39B-4D0A-A4A1-CC73F260CEAD}.Debug|x64.Build.0 = Debug|x64
		{136657A5-F39B-4D0A-A4A1-CC73F260CEAD}.Debug|x86.ActiveCfg = Debug|Win32
		{136657A5-F39B-4D0A-A4A1-CC73F260CEAD}.Debug|x86.Build.0 = Debug|Win32
		{136657A5-F39B-4D0A-A4A1-CC73F260CEAD}.Release|x64.ActiveCfg = Release|x64
		{136657A5-F39B-4D0A-A4A1-CC73F260CEAD}.Release|x64.Build.0 = Release|x64
		{136657A5-F39B-4D0A-A4A1-CC73F260CEAD}.Release|x86.ActiveCfg = Release|Win32
		{136657A5-F39B-4D0A-A4A1-CC73F260CEAD}.Release|x86.Build.0 = Release|Win32
		{812E65BB-25A7-4F44-8CA9-28FBCEE9812E}.Debug|x64.ActiveCfg = Debug|x64
		{812E65BB-25A7-4F44-8CA9-28FBCEE9812E}.Debug|x64.Build.0 = Debug|x64
		{812E65BB-25A7-4F44-8CA9-28FBCEE9812E}.Debug|x86.ActiveCfg = Debug|Win32
		{812E65BB-25A7-4F44-8CA9-28FBCEE9812E}.Debug|x86.Build.0 = Debug|Win32
		{812E65BB-25A7-4F44-8CA9-28FBCEE9812E}.Release|x64.ActiveCfg = Release|x64
		{812E65BB-25A7-4F44-8CA9-28FBCEE9812E}.Release|x64.Build.0 = Release|x64
		{812E65BB-25A7-4F44-8CA9-28FBCEE9812E}.Release|x86.ActiveCfg = Release|Win32
		{812E65BB-25A7-4F44-8CA9-28FBCEE9812E}.Release|x86.Build.0 = Release|Win32
		{D697D00A-D457-4CF1-9A73-120F7FA6A52A}.Debug|x64.ActiveCfg = Debug|x64
		{D697D00A-D457-4CF1-9A73-120F7FA6A52A}.Debug|x64.Build.0 = Debug|x64
		{D697D00A-D457-4CF1-9A73-120F7FA6A52A}.Debug|x86.ActiveCfg = Debug|Win32
		{D697D00A-D457-4CF1-9A73-120F7FA6A52A}.Debug|x86.Build.0 = Debug|Win32
		{D697D00A-D457-4CF1-9A73-120F7FA6A52A}.Release|x64.ActiveCfg = Release|x64
		{D697D00A-D457-4CF1-9A73-120F7FA6A52A}.Release|x64.Build.0 = Release|x64
		{D697D00A-D457-4CF1-9A73-120F7FA6A52A}.Release|x86.ActiveCfg = Release|Win32
		{D697D00A-D457-4CF1-9A73-120F7FA6A52A}.Release|x86.Build.0 = Release|Win32
		{C16B56E7-79E7-42CE-8489-565F682CD423}.Debug|x64.ActiveCfg = Debug|x64
		{C16B56E7-79E7-42CE-8489-565F682CD423}.Debug|x64.Build.0 = Debug|x64
		{C16B56E7-79E7-42CE-8489-565F682CD423}.Debug|x86.ActiveCfg = Debug|Win32
		{C16B56E7-79E7-42CE-8489-565F682CD423}.Debug|x86.Build.0 = Debug|Win32
		{C16B56E7-79E7-42CE-8489-565F682CD423}.Release|x64.ActiveCfg = Release|x64
		{C16B56E7-79E7-42CE-8489-565F682CD423}.Release|x64.Build.0 = Release|x64
		{C16B56E7-79E7-42CE-8489-565F682CD423}.Release|x86.ActiveCfg = Release|Win32
		{C16B56E7-79E7-42CE-8489-565F682CD423}.Release|x86.Build.0 = Release|Win32
		{7523A0BD-6527-4FB2-A080-E09F1EA63D1E}.Debug|x64.ActiveCfg = Debug|x64
		{7523A0BD-6527-4FB2-A080-E09F1EA63D1E}.Debug|x64.Build.0 = Debug|x64
		{7523A0BD-6527-4FB2-A080-E09F1EA63D1E}.Debug|x86.ActiveCfg = Debug|Win32
		{7523A0BD-6527-4FB2-A080-E09F1EA63D1E}.Debug|x86.Build.0 = Debug|Win32
		{7523A0BD-6527-4FB2-A080-E09F1EA63D1E}.Release|x64.ActiveCfg = Release|x64
		{7523A0BD-6527-4FB2-A080-E09F1EA63D1E}.Release|x64.Build.0 = Release|x64
		{7523A0BD-6527-4FB2-A080-E09F1EA63D1E}.Release|x86.ActiveCfg = Release|Win32
		{7523A0BD-6527-4FB2-A080-E09F1EA63D1E}.Release|x86.Build.0 = Release|Win32
		{D99DD7EC-9B62-4107-A852-0EC75CE621D0}.Debug|x64.ActiveCfg = Debug|x64
		{D99DD7EC-9B62-4107-A852-0EC75CE621D0}.Debug|x64.Build.0 = Debug|x64
		{D99DD7EC-9B62-4107-A852-0EC75CE621D0}.Debug|x86.ActiveCfg = Debug|Win32
		{D99DD7EC-9B62-4107-A852-0EC75CE621D0}.Debug|x86.Build.0 = Debug|Win32
		{D99DD7EC-9B62-4107-A852-0EC75CE621D0}.Release|x64.ActiveCfg = Release|x64
		{D99DD7EC-9B62-4107-A852-0EC75CE621D0}.Release|x64.Build.0 = Release|x64
		{D99DD7EC-9B62-4107-A852-0EC75CE621D0}.Release|x86.ActiveCfg = Release|Win32
		{D99DD7EC-9B62-4107-A852-0EC75CE621D0}.Release|x86.Build.0 = Release|Win32
		{D26D359C-7985-4BAC-9874-0D8ED65A1502}.Debug|x64.ActiveCfg = Debug|x64
		{D26D359C-7985-4BAC-9874-0D8ED65A1502}.Debug|x64.Build.0 = Debug|x64
		{D26D359C-7985-4BAC-9874-0D8ED65A1502}.Debug|x86.ActiveCfg = Debug|Win32
		{D26D359C-7985-4BAC-9874-0D8ED65A1502}.Debug|x86.Build.0 = Debug|Win32
		{D26D359C-7985-4BAC-9874-0D8ED65A1502}.Release|x64.ActiveCfg = Release|x64
		{D26D359C-7985-4BAC-9874-0D8ED65A1502}.Release|x64.Build.0 = Release|x64
		{D26D359C-7985-4BAC-9874-0D8ED65A1502}.Release|x86.ActiveCfg = Release|Win32
		{D26D359C-7985-4BAC-9874-0D8ED65A1502}.Release|x86.Build.0 = Release|Win32
		{D54FAEFC-C584-42EF-99F2-898B66E373F9}.Debug|x64.ActiveCfg = Debug|x64
		{D54FAEFC-C584-42EF-99F2-898B66E373F9}.Debug|x64.Build.0 = Debug|x64
		{D54FAEFC-C584-42EF-99F2-898B66E373F9}.Debug|x86.ActiveCfg = Debug|Win32
		{D54FAEFC-C584-42EF-99F2-898B66E373F9}.Debug|x86.Build.0 = Debug|Win32
		{D54FAEFC-C584-42EF-99F2-898B66E373F9}.Release|x64.ActiveCfg = Release|x64
		{D54FAEFC-C584-42EF-99F2-898B66E373F9}.Release|x64.Build.0 = Release|x64
		{D54FAEFC-C584-42EF-99F2-898B66E373F9}.Release|x86.ActiveCfg = Release|Win32
		{D54FAEFC-C584-42EF-99F2-898B66E373F9}.Release|x86.Build.0 = Release|Win32
		{56630072-9C00-42A3-85E9-5FE8C6E05196}.Debug|x64.ActiveCfg = Debug|x64
		{56630072-9C00-42A3-85E9-5FE8C6E05196}.Debug|x64.Build.0 = Debug|x64
		{56630072-9C00-42A3-85E9-5FE8C6E05196}.Debug|x86.ActiveCfg = Debug|Win32
		{56630072-9C00-42A3-85E9-5FE8C6E05196}.Debug|x86.Build.0 = Debug|Win32
		{56630072-9C00-42A3-85E9-5FE8C6E05196}.Release|x64.ActiveCfg = Release|x64
		{56630072-9C00-42A3-85E9-5FE8C6E05196}.Release|x64.Build.0 = Release|x64
		{56630072-9C00-42A3-85E9-5FE8C6E05196}.Release|x86.ActiveCfg = Release|Win32
		{56630072-9C00-42A3-85E9-5FE8C6E05196}.Release|x86.Build.0 = Release|Win32
		{9EC641DD-6511-4455-B663-CC0B183FA5EA}.Debug|x64.ActiveCfg = Debug|x64
		{9EC641DD-6511-4455-B663-CC0B183FA5EA}.Debug|x64.Build.0 = Debug|x64
		{9EC641DD-6511-4455-B663-CC0B183FA5EA}.Debug|x86.ActiveCfg = Debug|Win32
		{9EC641DD-6511-4455-B663-CC0B183FA5EA}.Debug|x86.Build.0 = Debug|Win32
		{9EC641DD-6511-4455-B663-CC0B183FA5EA}.Release|x64.ActiveCfg = Release|x64
		{9EC641DD-6511-4455-B663-CC0B183FA5EA}.Release|x64.Build.0 = Release|x64
		{9EC641DD-6511-4455-B663-CC0B183FA5EA}.Release|x86.ActiveCfg = Release|Win32
		{9EC641DD-6511-4455-B663-CC0B183FA5EA}.Release|x86.Build.0 = Release|Win32
		{8B7E139A-D183-481D-B1B4-6BD1B320DDD6}.Debug|x64.ActiveCfg = Debug|x64
		{8B7E139A-D183-481D-B1B4-6BD1B320DDD6}.Debug|x64.Build.0 = Debug|x64
		{8B7E139A-D183-481D-B1B4-6BD1B320DDD6}.Debug|x86.ActiveCfg = Debug|Win32
		{8B7E139A-D183-481D-B1B4-6BD1B320DDD6}.Debug|x86.Build.0 = Debug|Win32
		{8B7E139A-D183-481D-B1B4-6BD1B320DDD6}.Release|x64.ActiveCfg = Release|x64
		{8B7E139A-D183-481D-B1B4-6BD1B320DDD6}.Release|x64.Build.0 = Release|x64
		{8B7E139A-D183-481D-B1B4-6BD1B320DDD6}.Release|x86.ActiveCfg = Release|Win32
		{8B7E139A-D183-481D-B1B4-6BD1B320DDD6}.Release|x86.Build.0 = Release|Win32
		{80E82851-1EA8-4362-B8B0-8CA73B8BE302}.Debug|x64.ActiveCfg = Debug|x64
		{80E82851-1EA8-4362-B8B0-8CA73B8BE302}.Debug|x64.Build.0 = Debug|x64
		{80E82851-1EA8-4362-B8B0-8CA73B8BE302}.Debug|x86.ActiveCfg = Debug|Win32
		{80E82851-1EA8-4362-B8B0-8CA73B8BE302}.Debug|x86.Build.0 = Debug|Win32
		{80E82851-1EA8-4362-B8B0-8CA73B8BE302}.Release|x64.ActiveCfg = Release|x64
		{80E82851-1EA8-4362-B8B0-8CA73B8BE302}.Release|x64.Build.0 = Release|x64
		{80E82851-1EA8-4362-B8B0-8CA73B8BE302}.Release|x86.ActiveCfg = Release|Win32
		{80E82851-1EA8-4362-B8B0-8CA73B8BE302}.Release|x86.Build.0 = Release|Win32
		{A862DE1C-CC48-4DB8-99D8-D4984EE4D20E}.Debug|x64.ActiveCfg = Debug|x64
		{A862DE1C-CC48-4DB8-99D8-D4984EE4D20E}.Debug|x64.Build.0 = Debug|x64
		{A862DE1C-CC48-4DB8-99D8-D4984EE4D20E}.Debug|x86.ActiveCfg = Debug|Win32
		{A862DE1C-CC48-4DB8-99D8-D4984EE4D20E}.Debug|x86.Build.0 = Debug|Win32
		{A862DE1C-CC48-4DB8-99D8-D4984EE4D20E}.Release|x64.ActiveCfg = Release|x64
		{A862DE1C-CC48-4DB8-99D8-D4984EE4D20E}.Release|x64.Build.0 = Release|x64
		{A862DE1C-CC48-4DB8-99D8-D4984EE4D20E}.Release|x86.ActiveCfg = Release|Win32
		{A862DE1C-CC48-4DB8-99D8-D4984EE4D20E}.Release|x86.Build.0 = Release|Win32
	EndGlobalSection
	GlobalSection(SolutionProperties) = preSolution
		HideSolutionNode = FALSE
	EndGlobalSection
	GlobalSection(ExtensibilityGlobals) = postSolution
		SolutionGuid = {E15387C0-5C98-4704-8A99-41D38A472FF7}
	EndGlobalSection
EndGlobal
